# Code generated by scarb DO NOT EDIT.
version = 1

[[package]]
name = "consumer"
version = "0.1.0-rc.2"
dependencies = [
 "hexx",
]

[[package]]
name = "hexx"
version = "0.1.0-rc.2"
dependencies = [
 "snforge_std",
]

[[package]]
name = "origami_hexmap"
version = "1.8.0"
source = "registry+https://scarbs.xyz/"
checksum = "sha256:789ecf7b0769664e8509fc6a81674e57adf57c736a0a6e67c30690ca58e444bd"

[[package]]
name = "snforge_scarb_plugin"
version = "0.64.0"
source = "registry+https://scarbs.xyz/"
checksum = "sha256:b6e330b8303add0d1a32e636e4e0d2b44a6b4ff5632bfe0ce66f136a701ae151"

[[package]]
name = "snforge_std"
version = "0.64.0"
source = "registry+https://scarbs.xyz/"
checksum = "sha256:ea9ca83895fd0ae4b99c5cf93b384b8045dc0dca80a075ecef1ee9fdf5ffa6f5"
dependencies = [
 "snforge_scarb_plugin",
]

[[package]]
name = "takeover_tests"
version = "0.1.0-rc.2"
dependencies = [
 "hexx",
 "origami_hexmap",
 "snforge_std",
]
